
Microsoft Visual Studio Solution File, Format Version 12.00
# Visual Studio Version 17
VisualStudioVersion = 17.12.35527.113 d17.12
MinimumVisualStudioVersion = 10.0.40219.1
Project("{FAE04EC0-301F-11D3-BF4B-00C04F79EFBC}") = "EventService.Api", "EventService.Api\EventService.Api.csproj", "{A74BB1FC-04F9-46C9-8B35-754BEC030B1C}"
EndProject
Project("{FAE04EC0-301F-11D3-BF4B-00C04F79EFBC}") = "Data", "Data\Data.csproj", "{699B56D1-6F4E-408F-A6F2-CE6461AA5CD4}"
EndProject
Project("{FAE04EC0-301F-11D3-BF4B-00C04F79EFBC}") = "Business", "Business\Business.csproj", "{B74E4775-7BF4-46E8-A6EF-FF15F33E6E4E}"
EndProject
Project("{FAE04EC0-301F-11D3-BF4B-00C04F79EFBC}") = "Domain", "Domain\Domain.csproj", "{BD139EBE-95A5-4DEA-AA83-D646EB5EDDF3}"
EndProject
Global
	GlobalSection(SolutionConfigurationPlatforms) = preSolution
		Debug|Any CPU = Debug|Any CPU
		Release|Any CPU = Release|Any CPU
	EndGlobalSection
	GlobalSection(ProjectConfigurationPlatforms) = postSolution
		{A74BB1FC-04F9-46C9-8B35-754BEC030B1C}.Debug|Any CPU.ActiveCfg = Debug|Any CPU
		{A74BB1FC-04F9-46C9-8B35-754BEC030B1C}.Debug|Any CPU.Build.0 = Debug|Any CPU
		{A74BB1FC-04F9-46C9-8B35-754BEC030B1C}.Release|Any CPU.ActiveCfg = Release|Any CPU
		{A74BB1FC-04F9-46C9-8B35-754BEC030B1C}.Release|Any CPU.Build.0 = Release|Any CPU
		{699B56D1-6F4E-408F-A6F2-CE6461AA5CD4}.Debug|Any CPU.ActiveCfg = Debug|Any CPU
		{699B56D1-6F4E-408F-A6F2-CE6461AA5CD4}.Debug|Any CPU.Build.0 = Debug|Any CPU
		{699B56D1-6F4E-408F-A6F2-CE6461AA5CD4}.Release|Any CPU.ActiveCfg = Release|Any CPU
		{699B56D1-6F4E-408F-A6F2-CE6461AA5CD4}.Release|Any CPU.Build.0 = Release|Any CPU
		{B74E4775-7BF4-46E8-A6EF-FF15F33E6E4E}.Debug|Any CPU.ActiveCfg = Debug|Any CPU
		{B74E4775-7BF4-46E8-A6EF-FF15F33E6E4E}.Debug|Any CPU.Build.0 = Debug|Any CPU
		{B74E4775-7BF4-46E8-A6EF-FF15F33E6E4E}.Release|Any CPU.ActiveCfg = Release|Any CPU
		{B74E4775-7BF4-46E8-A6EF-FF15F33E6E4E}.Release|Any CPU.Build.0 = Release|Any CPU
		{BD139EBE-95A5-4DEA-AA83-D646EB5EDDF3}.Debug|Any CPU.ActiveCfg = Debug|Any CPU
		{BD139EBE-95A5-4DEA-AA83-D646EB5EDDF3}.Debug|Any CPU.Build.0 = Debug|Any CPU
		{BD139EBE-95A5-4DEA-AA83-D646EB5EDDF3}.Release|Any CPU.ActiveCfg = Release|Any CPU
		{BD139EBE-95A5-4DEA-AA83-D646EB5EDDF3}.Release|Any CPU.Build.0 = Release|Any CPU
	EndGlobalSection
	GlobalSection(SolutionProperties) = preSolution
		HideSolutionNode = FALSE
	EndGlobalSection
EndGlobal
