
Microsoft Visual Studio Solution File, Format Version 12.00
# Visual Studio Version 17
VisualStudioVersion = 17.13.35806.99 d17.13
MinimumVisualStudioVersion = 10.0.40219.1
Project("{FAE04EC0-301F-11D3-BF4B-00C04F79EFBC}") = "NotificationService.Api", "NotificationService.Api\NotificationService.Api.csproj", "{8910EFC6-B4B8-4AA5-A0B8-DF71EAA32074}"
EndProject
Global
	GlobalSection(SolutionConfigurationPlatforms) = preSolution
		Debug|Any CPU = Debug|Any CPU
		Release|Any CPU = Release|Any CPU
	EndGlobalSection
	GlobalSection(ProjectConfigurationPlatforms) = postSolution
		{8910EFC6-B4B8-4AA5-A0B8-DF71EAA32074}.Debug|Any CPU.ActiveCfg = Debug|Any CPU
		{8910EFC6-B4B8-4AA5-A0B8-DF71EAA32074}.Debug|Any CPU.Build.0 = Debug|Any CPU
		{8910EFC6-B4B8-4AA5-A0B8-DF71EAA32074}.Release|Any CPU.ActiveCfg = Release|Any CPU
		{8910EFC6-B4B8-4AA5-A0B8-DF71EAA32074}.Release|Any CPU.Build.0 = Release|Any CPU
	EndGlobalSection
	GlobalSection(SolutionProperties) = preSolution
		HideSolutionNode = FALSE
	EndGlobalSection
	GlobalSection(ExtensibilityGlobals) = postSolution
		SolutionGuid = {F02F9A43-8AF9-40E2-9D3E-7965F42F74A3}
	EndGlobalSection
EndGlobal
