
Microsoft Visual Studio Solution File, Format Version 12.00
# Visual Studio Version 17
VisualStudioVersion = 17.13.35806.99
MinimumVisualStudioVersion = 10.0.40219.1
Project("{FAE04EC0-301F-11D3-BF4B-00C04F79EFBC}") = "EventService.Api", "EventService.Api\EventService.Api.csproj", "{FE2F903F-4932-4741-AC5E-96EB820BCC66}"
EndProject
Project("{FAE04EC0-301F-11D3-BF4B-00C04F79EFBC}") = "Business", "Business\Business.csproj", "{31735EEB-288E-4E97-8BFC-DECFA99916EF}"
EndProject
Project("{FAE04EC0-301F-11D3-BF4B-00C04F79EFBC}") = "Data", "Data\Data.csproj", "{987E5222-5E51-4CB7-8BBD-59250F04DF6A}"
EndProject
Global
	GlobalSection(SolutionConfigurationPlatforms) = preSolution
		Debug|Any CPU = Debug|Any CPU
		Release|Any CPU = Release|Any CPU
	EndGlobalSection
	GlobalSection(ProjectConfigurationPlatforms) = postSolution
		{FE2F903F-4932-4741-AC5E-96EB820BCC66}.Debug|Any CPU.ActiveCfg = Debug|Any CPU
		{FE2F903F-4932-4741-AC5E-96EB820BCC66}.Debug|Any CPU.Build.0 = Debug|Any CPU
		{FE2F903F-4932-4741-AC5E-96EB820BCC66}.Release|Any CPU.ActiveCfg = Release|Any CPU
		{FE2F903F-4932-4741-AC5E-96EB820BCC66}.Release|Any CPU.Build.0 = Release|Any CPU
		{31735EEB-288E-4E97-8BFC-DECFA99916EF}.Debug|Any CPU.ActiveCfg = Debug|Any CPU
		{31735EEB-288E-4E97-8BFC-DECFA99916EF}.Debug|Any CPU.Build.0 = Debug|Any CPU
		{31735EEB-288E-4E97-8BFC-DECFA99916EF}.Release|Any CPU.ActiveCfg = Release|Any CPU
		{31735EEB-288E-4E97-8BFC-DECFA99916EF}.Release|Any CPU.Build.0 = Release|Any CPU
		{987E5222-5E51-4CB7-8BBD-59250F04DF6A}.Debug|Any CPU.ActiveCfg = Debug|Any CPU
		{987E5222-5E51-4CB7-8BBD-59250F04DF6A}.Debug|Any CPU.Build.0 = Debug|Any CPU
		{987E5222-5E51-4CB7-8BBD-59250F04DF6A}.Release|Any CPU.ActiveCfg = Release|Any CPU
		{987E5222-5E51-4CB7-8BBD-59250F04DF6A}.Release|Any CPU.Build.0 = Release|Any CPU
	EndGlobalSection
	GlobalSection(SolutionProperties) = preSolution
		HideSolutionNode = FALSE
	EndGlobalSection
	GlobalSection(ExtensibilityGlobals) = postSolution
		SolutionGuid = {7EF0620F-F8B0-40BB-A9DA-714DA1975CF0}
	EndGlobalSection
EndGlobal
