
Microsoft Visual Studio Solution File, Format Version 12.00
# Visual Studio Version 17
VisualStudioVersion = 17.13.35806.99 d17.13
MinimumVisualStudioVersion = 10.0.40219.1
Project("{FAE04EC0-301F-11D3-BF4B-00C04F79EFBC}") = "EmailService.Api", "EmailService.Api\EmailService.Api.csproj", "{FFF19540-C3E9-4C8B-A557-836BCA36D8C4}"
EndProject
Global
	GlobalSection(SolutionConfigurationPlatforms) = preSolution
		Debug|Any CPU = Debug|Any CPU
		Release|Any CPU = Release|Any CPU
	EndGlobalSection
	GlobalSection(ProjectConfigurationPlatforms) = postSolution
		{FFF19540-C3E9-4C8B-A557-836BCA36D8C4}.Debug|Any CPU.ActiveCfg = Debug|Any CPU
		{FFF19540-C3E9-4C8B-A557-836BCA36D8C4}.Debug|Any CPU.Build.0 = Debug|Any CPU
		{FFF19540-C3E9-4C8B-A557-836BCA36D8C4}.Release|Any CPU.ActiveCfg = Release|Any CPU
		{FFF19540-C3E9-4C8B-A557-836BCA36D8C4}.Release|Any CPU.Build.0 = Release|Any CPU
	EndGlobalSection
	GlobalSection(SolutionProperties) = preSolution
		HideSolutionNode = FALSE
	EndGlobalSection
	GlobalSection(ExtensibilityGlobals) = postSolution
		SolutionGuid = {C4899EE9-F4C9-4006-A7A9-D2BE94D3EFED}
	EndGlobalSection
EndGlobal
